
Microsoft Visual Studio Solution File, Format Version 12.00
# Visual Studio Version 17
VisualStudioVersion = 17.0.31808.319
MinimumVisualStudioVersion = 10.0.40219.1
Project("{8BC9CEB8-8B4A-11D0-8D11-00A0C91BC942}") = "FX35Loader", "FX35Loader\FX35Loader.vcxproj", "{4B9D4DDC-F6D1-4B09-B806-721605D438DA}"
EndProject
Project("{8BC9CEB8-8B4A-11D0-8D11-00A0C91BC942}") = "FX35USB", "FX35USB\FX35USB.vcxproj", "{26C34620-12F7-47A6-9A19-CF29FD02FF94}"
EndProject
Project("{8BC9CEB8-8B4A-11D0-8D11-00A0C91BC942}") = "FX35Package", "FX35Package\FX35Package.vcxproj", "{7720C03F-890D-4FBC-BF47-F120D8BFC302}"
EndProject
Project("{9A19103F-16F7-4668-BE54-9A1E7A4F7556}") = "SkmPakonInstaller", "SkmPakonInstaller\SkmPakonInstaller.csproj", "{4D6BB520-E057-469C-BA5A-95ABACCBD1AF}"
EndProject
Global
	GlobalSection(SolutionConfigurationPlatforms) = preSolution
		Debug|x64 = Debug|x64
		F135Debug|x64 = F135Debug|x64
		F135Release|x64 = F135Release|x64
		F235Debug|x64 = F235Debug|x64
		F235Release|x64 = F235Release|x64
		F335Debug|x64 = F335Debug|x64
		F335Release|x64 = F335Release|x64
		Release|x64 = Release|x64
	EndGlobalSection
	GlobalSection(ProjectConfigurationPlatforms) = postSolution
		{4B9D4DDC-F6D1-4B09-B806-721605D438DA}.Debug|x64.ActiveCfg = Debug|x64
		{4B9D4DDC-F6D1-4B09-B806-721605D438DA}.Debug|x64.Build.0 = Debug|x64
		{4B9D4DDC-F6D1-4B09-B806-721605D438DA}.F135Debug|x64.ActiveCfg = Debug|x64
		{4B9D4DDC-F6D1-4B09-B806-721605D438DA}.F135Debug|x64.Build.0 = Debug|x64
		{4B9D4DDC-F6D1-4B09-B806-721605D438DA}.F135Debug|x64.Deploy.0 = Debug|x64
		{4B9D4DDC-F6D1-4B09-B806-721605D438DA}.F135Release|x64.ActiveCfg = Release|x64
		{4B9D4DDC-F6D1-4B09-B806-721605D438DA}.F135Release|x64.Build.0 = Release|x64
		{4B9D4DDC-F6D1-4B09-B806-721605D438DA}.F135Release|x64.Deploy.0 = Release|x64
		{4B9D4DDC-F6D1-4B09-B806-721605D438DA}.F235Debug|x64.ActiveCfg = Debug|x64
		{4B9D4DDC-F6D1-4B09-B806-721605D438DA}.F235Debug|x64.Build.0 = Debug|x64
		{4B9D4DDC-F6D1-4B09-B806-721605D438DA}.F235Debug|x64.Deploy.0 = Debug|x64
		{4B9D4DDC-F6D1-4B09-B806-721605D438DA}.F235Release|x64.ActiveCfg = Release|x64
		{4B9D4DDC-F6D1-4B09-B806-721605D438DA}.F235Release|x64.Build.0 = Release|x64
		{4B9D4DDC-F6D1-4B09-B806-721605D438DA}.F235Release|x64.Deploy.0 = Release|x64
		{4B9D4DDC-F6D1-4B09-B806-721605D438DA}.F335Debug|x64.ActiveCfg = Debug|x64
		{4B9D4DDC-F6D1-4B09-B806-721605D438DA}.F335Debug|x64.Build.0 = Debug|x64
		{4B9D4DDC-F6D1-4B09-B806-721605D438DA}.F335Debug|x64.Deploy.0 = Debug|x64
		{4B9D4DDC-F6D1-4B09-B806-721605D438DA}.F335Release|x64.ActiveCfg = Release|x64
		{4B9D4DDC-F6D1-4B09-B806-721605D438DA}.F335Release|x64.Build.0 = Release|x64
		{4B9D4DDC-F6D1-4B09-B806-721605D438DA}.F335Release|x64.Deploy.0 = Release|x64
		{4B9D4DDC-F6D1-4B09-B806-721605D438DA}.Release|x64.ActiveCfg = Release|x64
		{4B9D4DDC-F6D1-4B09-B806-721605D438DA}.Release|x64.Build.0 = Release|x64
		{4B9D4DDC-F6D1-4B09-B806-721605D438DA}.Release|x64.Deploy.0 = Release|x64
		{26C34620-12F7-47A6-9A19-CF29FD02FF94}.Debug|x64.ActiveCfg = F335Debug|x64
		{26C34620-12F7-47A6-9A19-CF29FD02FF94}.F135Debug|x64.ActiveCfg = F135Debug|x64
		{26C34620-12F7-47A6-9A19-CF29FD02FF94}.F135Debug|x64.Build.0 = F135Debug|x64
		{26C34620-12F7-47A6-9A19-CF29FD02FF94}.F135Debug|x64.Deploy.0 = F135Debug|x64
		{26C34620-12F7-47A6-9A19-CF29FD02FF94}.F135Release|x64.ActiveCfg = F135Release|x64
		{26C34620-12F7-47A6-9A19-CF29FD02FF94}.F135Release|x64.Build.0 = F135Release|x64
		{26C34620-12F7-47A6-9A19-CF29FD02FF94}.F135Release|x64.Deploy.0 = F135Release|x64
		{26C34620-12F7-47A6-9A19-CF29FD02FF94}.F235Debug|x64.ActiveCfg = F235Debug|x64
		{26C34620-12F7-47A6-9A19-CF29FD02FF94}.F235Debug|x64.Build.0 = F235Debug|x64
		{26C34620-12F7-47A6-9A19-CF29FD02FF94}.F235Debug|x64.Deploy.0 = F235Debug|x64
		{26C34620-12F7-47A6-9A19-CF29FD02FF94}.F235Release|x64.ActiveCfg = F235Release|x64
		{26C34620-12F7-47A6-9A19-CF29FD02FF94}.F235Release|x64.Build.0 = F235Release|x64
		{26C34620-12F7-47A6-9A19-CF29FD02FF94}.F235Release|x64.Deploy.0 = F235Release|x64
		{26C34620-12F7-47A6-9A19-CF29FD02FF94}.F335Debug|x64.ActiveCfg = F335Debug|x64
		{26C34620-12F7-47A6-9A19-CF29FD02FF94}.F335Debug|x64.Build.0 = F335Debug|x64
		{26C34620-12F7-47A6-9A19-CF29FD02FF94}.F335Debug|x64.Deploy.0 = F335Debug|x64
		{26C34620-12F7-47A6-9A19-CF29FD02FF94}.F335Release|x64.ActiveCfg = F335Release|x64
		{26C34620-12F7-47A6-9A19-CF29FD02FF94}.F335Release|x64.Build.0 = F335Release|x64
		{26C34620-12F7-47A6-9A19-CF29FD02FF94}.F335Release|x64.Deploy.0 = F335Release|x64
		{26C34620-12F7-47A6-9A19-CF29FD02FF94}.Release|x64.ActiveCfg = F335Release|x64
		{26C34620-12F7-47A6-9A19-CF29FD02FF94}.Release|x64.Build.0 = F335Release|x64
		{26C34620-12F7-47A6-9A19-CF29FD02FF94}.Release|x64.Deploy.0 = F335Release|x64
		{7720C03F-890D-4FBC-BF47-F120D8BFC302}.Debug|x64.ActiveCfg = F335Debug|x64
		{7720C03F-890D-4FBC-BF47-F120D8BFC302}.F135Debug|x64.ActiveCfg = F135Debug|x64
		{7720C03F-890D-4FBC-BF47-F120D8BFC302}.F135Debug|x64.Build.0 = F135Debug|x64
		{7720C03F-890D-4FBC-BF47-F120D8BFC302}.F135Debug|x64.Deploy.0 = F135Debug|x64
		{7720C03F-890D-4FBC-BF47-F120D8BFC302}.F135Release|x64.ActiveCfg = F135Release|x64
		{7720C03F-890D-4FBC-BF47-F120D8BFC302}.F135Release|x64.Build.0 = F135Release|x64
		{7720C03F-890D-4FBC-BF47-F120D8BFC302}.F135Release|x64.Deploy.0 = F135Release|x64
		{7720C03F-890D-4FBC-BF47-F120D8BFC302}.F235Debug|x64.ActiveCfg = F235Debug|x64
		{7720C03F-890D-4FBC-BF47-F120D8BFC302}.F235Debug|x64.Build.0 = F235Debug|x64
		{7720C03F-890D-4FBC-BF47-F120D8BFC302}.F235Debug|x64.Deploy.0 = F235Debug|x64
		{7720C03F-890D-4FBC-BF47-F120D8BFC302}.F235Release|x64.ActiveCfg = F235Release|x64
		{7720C03F-890D-4FBC-BF47-F120D8BFC302}.F235Release|x64.Build.0 = F235Release|x64
		{7720C03F-890D-4FBC-BF47-F120D8BFC302}.F235Release|x64.Deploy.0 = F235Release|x64
		{7720C03F-890D-4FBC-BF47-F120D8BFC302}.F335Debug|x64.ActiveCfg = F335Debug|x64
		{7720C03F-890D-4FBC-BF47-F120D8BFC302}.F335Debug|x64.Build.0 = F335Debug|x64
		{7720C03F-890D-4FBC-BF47-F120D8BFC302}.F335Debug|x64.Deploy.0 = F335Debug|x64
		{7720C03F-890D-4FBC-BF47-F120D8BFC302}.F335Release|x64.ActiveCfg = F335Release|x64
		{7720C03F-890D-4FBC-BF47-F120D8BFC302}.F335Release|x64.Build.0 = F335Release|x64
		{7720C03F-890D-4FBC-BF47-F120D8BFC302}.F335Release|x64.Deploy.0 = F335Release|x64
		{7720C03F-890D-4FBC-BF47-F120D8BFC302}.Release|x64.ActiveCfg = F335Release|x64
		{7720C03F-890D-4FBC-BF47-F120D8BFC302}.Release|x64.Build.0 = F335Release|x64
		{7720C03F-890D-4FBC-BF47-F120D8BFC302}.Release|x64.Deploy.0 = F335Release|x64
		{4D6BB520-E057-469C-BA5A-95ABACCBD1AF}.Debug|x64.ActiveCfg = Debug|x64
		{4D6BB520-E057-469C-BA5A-95ABACCBD1AF}.Debug|x64.Build.0 = Debug|x64
		{4D6BB520-E057-469C-BA5A-95ABACCBD1AF}.F135Debug|x64.ActiveCfg = Debug|x64
		{4D6BB520-E057-469C-BA5A-95ABACCBD1AF}.F135Release|x64.ActiveCfg = Release|x64
		{4D6BB520-E057-469C-BA5A-95ABACCBD1AF}.F235Debug|x64.ActiveCfg = Debug|x64
		{4D6BB520-E057-469C-BA5A-95ABACCBD1AF}.F235Release|x64.ActiveCfg = Release|x64
		{4D6BB520-E057-469C-BA5A-95ABACCBD1AF}.F235Release|x64.Build.0 = Release|x64
		{4D6BB520-E057-469C-BA5A-95ABACCBD1AF}.F335Debug|x64.ActiveCfg = Debug|x64
		{4D6BB520-E057-469C-BA5A-95ABACCBD1AF}.F335Release|x64.ActiveCfg = Release|x64
		{4D6BB520-E057-469C-BA5A-95ABACCBD1AF}.Release|x64.ActiveCfg = Release|x64
	EndGlobalSection
	GlobalSection(SolutionProperties) = preSolution
		HideSolutionNode = FALSE
	EndGlobalSection
	GlobalSection(ExtensibilityGlobals) = postSolution
		SolutionGuid = {7C1B0814-0872-473D-A3F1-63677E940BD5}
	EndGlobalSection
EndGlobal
