<?xml version="1.0" encoding="utf-8"?>
<Project ToolsVersion="4.0" xmlns="http://schemas.microsoft.com/developer/msbuild/2003">
  <ItemGroup>
    <Filter Include="Driver Files">
      <UniqueIdentifier>{8E41214B-6785-4CFE-B992-037D68949A14}</UniqueIdentifier>
      <Extensions>inf;inv;inx;mof;mc;</Extensions>
    </Filter>
    <Filter Include="Firmware Files">
      <UniqueIdentifier>{11a6c7f7-1e3d-4425-b70f-67f5c68dfac3}</UniqueIdentifier>
    </Filter>
    <Filter Include="Firmware Files\F135">
      <UniqueIdentifier>{3c963cd0-7f64-4a6d-9072-906291ae9a65}</UniqueIdentifier>
    </Filter>
    <Filter Include="Firmware Files\F235">
      <UniqueIdentifier>{1e6071bd-6dce-4b3a-9d69-f1ee0176b548}</UniqueIdentifier>
    </Filter>
    <Filter Include="Firmware Files\F335">
      <UniqueIdentifier>{5e8e85b2-07ff-43ca-a052-fa75e1b6bc96}</UniqueIdentifier>
    </Filter>
  </ItemGroup>
  <ItemGroup>
    <None Include="F135\Pakon5.hex">
      <Filter>Firmware Files\F135</Filter>
    </None>
    <None Include="F135\Pakon7.hex">
      <Filter>Firmware Files\F135</Filter>
    </None>
    <None Include="F135\Pakon8.hex">
      <Filter>Firmware Files\F135</Filter>
    </None>
    <None Include="F135\PknInit.hex">
      <Filter>Firmware Files\F135</Filter>
    </None>
  </ItemGroup>
  <ItemGroup>
    <Inf Include="F135.inf">
      <Filter>Driver Files</Filter>
    </Inf>
  </ItemGroup>
</Project>